
Microsoft Visual Studio Solution File, Format Version 12.00
# Visual Studio Version 16
VisualStudioVersion = 16.0.30804.86
MinimumVisualStudioVersion = 10.0.40219.1
Project("{9A19103F-16F7-4668-BE54-9A1E7A4F7556}") = "httpClient", "httpClient\httpClient.csproj", "{0D8C71C9-E99D-4CA0-9CB5-2FE7C29EB002}"
EndProject
Project("{9A19103F-16F7-4668-BE54-9A1E7A4F7556}") = "newHttpServer", "newHttpServer\newHttpServer.csproj", "{7805C627-8415-48C4-9DB9-43718BDA1BFB}"
EndProject
Project("{FAE04EC0-301F-11D3-BF4B-00C04F79EFBC}") = "exeToIco", "exeToIco\exeToIco.csproj", "{5EDD6739-C110-4AE8-92AB-7848DA51A504}"
EndProject
Global
	GlobalSection(SolutionConfigurationPlatforms) = preSolution
		Debug|Any CPU = Debug|Any CPU
		Release|Any CPU = Release|Any CPU
	EndGlobalSection
	GlobalSection(ProjectConfigurationPlatforms) = postSolution
		{0D8C71C9-E99D-4CA0-9CB5-2FE7C29EB002}.Debug|Any CPU.ActiveCfg = Debug|Any CPU
		{0D8C71C9-E99D-4CA0-9CB5-2FE7C29EB002}.Debug|Any CPU.Build.0 = Debug|Any CPU
		{0D8C71C9-E99D-4CA0-9CB5-2FE7C29EB002}.Release|Any CPU.ActiveCfg = Release|Any CPU
		{0D8C71C9-E99D-4CA0-9CB5-2FE7C29EB002}.Release|Any CPU.Build.0 = Release|Any CPU
		{7805C627-8415-48C4-9DB9-43718BDA1BFB}.Debug|Any CPU.ActiveCfg = Debug|Any CPU
		{7805C627-8415-48C4-9DB9-43718BDA1BFB}.Debug|Any CPU.Build.0 = Debug|Any CPU
		{7805C627-8415-48C4-9DB9-43718BDA1BFB}.Release|Any CPU.ActiveCfg = Release|Any CPU
		{7805C627-8415-48C4-9DB9-43718BDA1BFB}.Release|Any CPU.Build.0 = Release|Any CPU
		{5EDD6739-C110-4AE8-92AB-7848DA51A504}.Debug|Any CPU.ActiveCfg = Debug|Any CPU
		{5EDD6739-C110-4AE8-92AB-7848DA51A504}.Debug|Any CPU.Build.0 = Debug|Any CPU
		{5EDD6739-C110-4AE8-92AB-7848DA51A504}.Release|Any CPU.ActiveCfg = Release|Any CPU
		{5EDD6739-C110-4AE8-92AB-7848DA51A504}.Release|Any CPU.Build.0 = Release|Any CPU
	EndGlobalSection
	GlobalSection(SolutionProperties) = preSolution
		HideSolutionNode = FALSE
	EndGlobalSection
	GlobalSection(ExtensibilityGlobals) = postSolution
		SolutionGuid = {E688BD52-B762-4D18-BB7D-4B579FC6333D}
	EndGlobalSection
EndGlobal
